// !$*UTF8*$!
{
	archiveVersion = 1;
	classes = {
	};
	objectVersion = 48;
	objects = {

/* Begin PBXBuildFile section */
		5B23FD7A4297F17CCD8C4526 /* Pods_swift_demos.framework in Frameworks */ = {isa = PBXBuildFile; fileRef = CBC8CCD33000AD91000B2767 /* Pods_swift_demos.framework */; };
		9B08E1DE2008C07700513565 /* PhotoController.swift in Sources */ = {isa = PBXBuildFile; fileRef = 9B08E1DD2008C07700513565 /* PhotoController.swift */; };
		9B169A66200499130017E7ED /* AppDelegate.swift in Sources */ = {isa = PBXBuildFile; fileRef = 9B169A65200499130017E7ED /* AppDelegate.swift */; };
		9B169A68200499130017E7ED /* ViewController.swift in Sources */ = {isa = PBXBuildFile; fileRef = 9B169A67200499130017E7ED /* ViewController.swift */; };
		9B169A6B200499130017E7ED /* Main.storyboard in Resources */ = {isa = PBXBuildFile; fileRef = 9B169A69200499130017E7ED /* Main.storyboard */; };
		9B169A6D200499130017E7ED /* Assets.xcassets in Resources */ = {isa = PBXBuildFile; fileRef = 9B169A6C200499130017E7ED /* Assets.xcassets */; };
		9B169A70200499130017E7ED /* LaunchScreen.storyboard in Resources */ = {isa = PBXBuildFile; fileRef = 9B169A6E200499130017E7ED /* LaunchScreen.storyboard */; };
		9B169A7B200499130017E7ED /* swift_demosTests.swift in Sources */ = {isa = PBXBuildFile; fileRef = 9B169A7A200499130017E7ED /* swift_demosTests.swift */; };
		9B169A86200499130017E7ED /* swift_demosUITests.swift in Sources */ = {isa = PBXBuildFile; fileRef = 9B169A85200499130017E7ED /* swift_demosUITests.swift */; };
		9B169A942006051F0017E7ED /* SuperViewController.swift in Sources */ = {isa = PBXBuildFile; fileRef = 9B169A932006051F0017E7ED /* SuperViewController.swift */; };
		9B169A96200605810017E7ED /* BaseViewController.swift in Sources */ = {isa = PBXBuildFile; fileRef = 9B169A95200605810017E7ED /* BaseViewController.swift */; };
		9B169A982006663D0017E7ED /* AdvanceViewController.swift in Sources */ = {isa = PBXBuildFile; fileRef = 9B169A972006663D0017E7ED /* AdvanceViewController.swift */; };
		9B169A9D2007426E0017E7ED /* Extension.swift in Sources */ = {isa = PBXBuildFile; fileRef = 9B169A9C2007426E0017E7ED /* Extension.swift */; };
		9B169A9F200750800017E7ED /* SearchBarController.swift in Sources */ = {isa = PBXBuildFile; fileRef = 9B169A9E200750800017E7ED /* SearchBarController.swift */; };
		9B169AA1200759930017E7ED /* CollectionController.swift in Sources */ = {isa = PBXBuildFile; fileRef = 9B169AA0200759930017E7ED /* CollectionController.swift */; };
		9B169AA320075F950017E7ED /* CustomCollectionCell.swift in Sources */ = {isa = PBXBuildFile; fileRef = 9B169AA220075F950017E7ED /* CustomCollectionCell.swift */; };
		9B47D28E206799E1006EBF0E /* AnimationController.swift in Sources */ = {isa = PBXBuildFile; fileRef = 9B47D28D206799E0006EBF0E /* AnimationController.swift */; };
		9B52E240208EBAEB00399880 /* GetViewMController.swift in Sources */ = {isa = PBXBuildFile; fileRef = 9B52E23F208EBAEB00399880 /* GetViewMController.swift */; };
		9B7215B5206E098600480E06 /* TimerViewController.swift in Sources */ = {isa = PBXBuildFile; fileRef = 9B7215B4206E098600480E06 /* TimerViewController.swift */; };
		9B95F8CC207C947C00D3B0B2 /* TCPIPController.swift in Sources */ = {isa = PBXBuildFile; fileRef = 9B95F8CB207C947C00D3B0B2 /* TCPIPController.swift */; };
		9B95F8D2207DB28F00D3B0B2 /* runloop.png in Resources */ = {isa = PBXBuildFile; fileRef = 9B95F8D1207DB28F00D3B0B2 /* runloop.png */; };
		9B95F8D4207DBC2400D3B0B2 /* runloop-main.png in Resources */ = {isa = PBXBuildFile; fileRef = 9B95F8D3207DBC2400D3B0B2 /* runloop-main.png */; };
		9B95F8D6207DBCEC00D3B0B2 /* runloop-des.png in Resources */ = {isa = PBXBuildFile; fileRef = 9B95F8D5207DBCEC00D3B0B2 /* runloop-des.png */; };
		9B95F8D8207DE26800D3B0B2 /* runloop-in.png in Resources */ = {isa = PBXBuildFile; fileRef = 9B95F8D7207DE26800D3B0B2 /* runloop-in.png */; };
		9BB04402200DEAEA009641A5 /* PodViewController.swift in Sources */ = {isa = PBXBuildFile; fileRef = 9BB04401200DEAEA009641A5 /* PodViewController.swift */; };
		9BB04406200DEF04009641A5 /* Service.swift in Sources */ = {isa = PBXBuildFile; fileRef = 9BB04405200DEF04009641A5 /* Service.swift */; };
		9BB0440D200F3AE4009641A5 /* SnapKitController.swift in Sources */ = {isa = PBXBuildFile; fileRef = 9BB0440C200F3AE4009641A5 /* SnapKitController.swift */; };
		9BC3F93B2063B1510096BFB6 /* PassValueController.swift in Sources */ = {isa = PBXBuildFile; fileRef = 9BC3F93A2063B1510096BFB6 /* PassValueController.swift */; };
		9BC3F93D2063B4370096BFB6 /* DelegateViewController.swift in Sources */ = {isa = PBXBuildFile; fileRef = 9BC3F93C2063B4370096BFB6 /* DelegateViewController.swift */; };
		9BC3F9412063C6E30096BFB6 /* CommonManager.swift in Sources */ = {isa = PBXBuildFile; fileRef = 9BC3F9402063C6E30096BFB6 /* CommonManager.swift */; };
		9BDDFA46208269FD004E1C7F /* main.c in Sources */ = {isa = PBXBuildFile; fileRef = 9BDDFA45208269FD004E1C7F /* main.c */; };
		9BE3D48F2071C3F3007AB9CD /* SwiftBlockOcController.swift in Sources */ = {isa = PBXBuildFile; fileRef = 9BE3D48E2071C3F3007AB9CD /* SwiftBlockOcController.swift */; };
		9BE3D4942071C442007AB9CD /* OcBlockController.m in Sources */ = {isa = PBXBuildFile; fileRef = 9BE3D4932071C442007AB9CD /* OcBlockController.m */; };
		9BE3D4972071FB99007AB9CD /* Person.m in Sources */ = {isa = PBXBuildFile; fileRef = 9BE3D4962071FB99007AB9CD /* Person.m */; };
		9BE3D49B207218E2007AB9CD /* PropertyController.m in Sources */ = {isa = PBXBuildFile; fileRef = 9BE3D49A207218E2007AB9CD /* PropertyController.m */; };
		9BE3D49E20722CF7007AB9CD /* User.m in Sources */ = {isa = PBXBuildFile; fileRef = 9BE3D49D20722CF7007AB9CD /* User.m */; };
		9BE3D4A120730D56007AB9CD /* ResponseController.swift in Sources */ = {isa = PBXBuildFile; fileRef = 9BE3D4A020730D56007AB9CD /* ResponseController.swift */; };
		9BE3D4A420738495007AB9CD /* KVCKVOController.swift in Sources */ = {isa = PBXBuildFile; fileRef = 9BE3D4A320738495007AB9CD /* KVCKVOController.swift */; };
		9BE3D4A72074564C007AB9CD /* CornerController.swift in Sources */ = {isa = PBXBuildFile; fileRef = 9BE3D4A62074564C007AB9CD /* CornerController.swift */; };
		9BE3D4A920746616007AB9CD /* ImageExtension.swift in Sources */ = {isa = PBXBuildFile; fileRef = 9BE3D4A820746616007AB9CD /* ImageExtension.swift */; };
		9BE3D4B1207911E3007AB9CD /* CategoryExtentsionController.swift in Sources */ = {isa = PBXBuildFile; fileRef = 9BE3D4B0207911E3007AB9CD /* CategoryExtentsionController.swift */; };
		9BE3D501207A0D92007AB9CD /* ThreadController.swift in Sources */ = {isa = PBXBuildFile; fileRef = 9BE3D500207A0D92007AB9CD /* ThreadController.swift */; };
/* End PBXBuildFile section */

/* Begin PBXContainerItemProxy section */
		9B169A77200499130017E7ED /* PBXContainerItemProxy */ = {
			isa = PBXContainerItemProxy;
			containerPortal = 9B169A5A200499130017E7ED /* Project object */;
			proxyType = 1;
			remoteGlobalIDString = 9B169A61200499130017E7ED;
			remoteInfo = "swift-demos";
		};
		9B169A82200499130017E7ED /* PBXContainerItemProxy */ = {
			isa = PBXContainerItemProxy;
			containerPortal = 9B169A5A200499130017E7ED /* Project object */;
			proxyType = 1;
			remoteGlobalIDString = 9B169A61200499130017E7ED;
			remoteInfo = "swift-demos";
		};
/* End PBXContainerItemProxy section */

/* Begin PBXCopyFilesBuildPhase section */
		9BDDFA41208269FD004E1C7F /* CopyFiles */ = {
			isa = PBXCopyFilesBuildPhase;
			buildActionMask = 2147483647;
			dstPath = /usr/share/man/man1/;
			dstSubfolderSpec = 0;
			files = (
			);
			runOnlyForDeploymentPostprocessing = 1;
		};
		9BDDFA4C20826A45004E1C7F /* CopyFiles */ = {
			isa = PBXCopyFilesBuildPhase;
			buildActionMask = 2147483647;
			dstPath = /usr/share/man/man1/;
			dstSubfolderSpec = 0;
			files = (
			);
			runOnlyForDeploymentPostprocessing = 1;
		};
/* End PBXCopyFilesBuildPhase section */

/* Begin PBXFileReference section */
		71FF12E89B2D3CC9687294CB /* Pods-swift-demos.debug.xcconfig */ = {isa = PBXFileReference; includeInIndex = 1; lastKnownFileType = text.xcconfig; name = "Pods-swift-demos.debug.xcconfig"; path = "Pods/Target Support Files/Pods-swift-demos/Pods-swift-demos.debug.xcconfig"; sourceTree = "<group>"; };
		9B08E1DD2008C07700513565 /* PhotoController.swift */ = {isa = PBXFileReference; lastKnownFileType = sourcecode.swift; path = PhotoController.swift; sourceTree = "<group>"; };
		9B169A62200499130017E7ED /* swift-demos.app */ = {isa = PBXFileReference; explicitFileType = wrapper.application; includeInIndex = 0; path = "swift-demos.app"; sourceTree = BUILT_PRODUCTS_DIR; };
		9B169A65200499130017E7ED /* AppDelegate.swift */ = {isa = PBXFileReference; lastKnownFileType = sourcecode.swift; path = AppDelegate.swift; sourceTree = "<group>"; };
		9B169A67200499130017E7ED /* ViewController.swift */ = {isa = PBXFileReference; lastKnownFileType = sourcecode.swift; path = ViewController.swift; sourceTree = "<group>"; };
		9B169A6A200499130017E7ED /* Base */ = {isa = PBXFileReference; lastKnownFileType = file.storyboard; name = Base; path = Base.lproj/Main.storyboard; sourceTree = "<group>"; };
		9B169A6C200499130017E7ED /* Assets.xcassets */ = {isa = PBXFileReference; lastKnownFileType = folder.assetcatalog; path = Assets.xcassets; sourceTree = "<group>"; };
		9B169A6F200499130017E7ED /* Base */ = {isa = PBXFileReference; lastKnownFileType = file.storyboard; name = Base; path = Base.lproj/LaunchScreen.storyboard; sourceTree = "<group>"; };
		9B169A71200499130017E7ED /* Info.plist */ = {isa = PBXFileReference; lastKnownFileType = text.plist.xml; path = Info.plist; sourceTree = "<group>"; };
		9B169A76200499130017E7ED /* swift-demosTests.xctest */ = {isa = PBXFileReference; explicitFileType = wrapper.cfbundle; includeInIndex = 0; path = "swift-demosTests.xctest"; sourceTree = BUILT_PRODUCTS_DIR; };
		9B169A7A200499130017E7ED /* swift_demosTests.swift */ = {isa = PBXFileReference; lastKnownFileType = sourcecode.swift; path = swift_demosTests.swift; sourceTree = "<group>"; };
		9B169A7C200499130017E7ED /* Info.plist */ = {isa = PBXFileReference; lastKnownFileType = text.plist.xml; path = Info.plist; sourceTree = "<group>"; };
		9B169A81200499130017E7ED /* swift-demosUITests.xctest */ = {isa = PBXFileReference; explicitFileType = wrapper.cfbundle; includeInIndex = 0; path = "swift-demosUITests.xctest"; sourceTree = BUILT_PRODUCTS_DIR; };
		9B169A85200499130017E7ED /* swift_demosUITests.swift */ = {isa = PBXFileReference; lastKnownFileType = sourcecode.swift; path = swift_demosUITests.swift; sourceTree = "<group>"; };
		9B169A87200499130017E7ED /* Info.plist */ = {isa = PBXFileReference; lastKnownFileType = text.plist.xml; path = Info.plist; sourceTree = "<group>"; };
		9B169A932006051F0017E7ED /* SuperViewController.swift */ = {isa = PBXFileReference; lastKnownFileType = sourcecode.swift; path = SuperViewController.swift; sourceTree = "<group>"; };
		9B169A95200605810017E7ED /* BaseViewController.swift */ = {isa = PBXFileReference; lastKnownFileType = sourcecode.swift; path = BaseViewController.swift; sourceTree = "<group>"; };
		9B169A972006663D0017E7ED /* AdvanceViewController.swift */ = {isa = PBXFileReference; lastKnownFileType = sourcecode.swift; path = AdvanceViewController.swift; sourceTree = "<group>"; };
		9B169A9C2007426E0017E7ED /* Extension.swift */ = {isa = PBXFileReference; lastKnownFileType = sourcecode.swift; path = Extension.swift; sourceTree = "<group>"; };
		9B169A9E200750800017E7ED /* SearchBarController.swift */ = {isa = PBXFileReference; lastKnownFileType = sourcecode.swift; path = SearchBarController.swift; sourceTree = "<group>"; };
		9B169AA0200759930017E7ED /* CollectionController.swift */ = {isa = PBXFileReference; lastKnownFileType = sourcecode.swift; path = CollectionController.swift; sourceTree = "<group>"; };
		9B169AA220075F950017E7ED /* CustomCollectionCell.swift */ = {isa = PBXFileReference; lastKnownFileType = sourcecode.swift; path = CustomCollectionCell.swift; sourceTree = "<group>"; };
		9B47D28D206799E0006EBF0E /* AnimationController.swift */ = {isa = PBXFileReference; lastKnownFileType = sourcecode.swift; path = AnimationController.swift; sourceTree = "<group>"; };
		9B52E23F208EBAEB00399880 /* GetViewMController.swift */ = {isa = PBXFileReference; lastKnownFileType = sourcecode.swift; path = GetViewMController.swift; sourceTree = "<group>"; };
		9B7215B4206E098600480E06 /* TimerViewController.swift */ = {isa = PBXFileReference; lastKnownFileType = sourcecode.swift; path = TimerViewController.swift; sourceTree = "<group>"; };
		9B95F8CB207C947C00D3B0B2 /* TCPIPController.swift */ = {isa = PBXFileReference; lastKnownFileType = sourcecode.swift; path = TCPIPController.swift; sourceTree = "<group>"; };
		9B95F8D1207DB28F00D3B0B2 /* runloop.png */ = {isa = PBXFileReference; lastKnownFileType = image.png; path = runloop.png; sourceTree = "<group>"; };
		9B95F8D3207DBC2400D3B0B2 /* runloop-main.png */ = {isa = PBXFileReference; lastKnownFileType = image.png; path = "runloop-main.png"; sourceTree = "<group>"; };
		9B95F8D5207DBCEC00D3B0B2 /* runloop-des.png */ = {isa = PBXFileReference; lastKnownFileType = image.png; path = "runloop-des.png"; sourceTree = "<group>"; };
		9B95F8D7207DE26800D3B0B2 /* runloop-in.png */ = {isa = PBXFileReference; lastKnownFileType = image.png; path = "runloop-in.png"; sourceTree = "<group>"; };
		9BB04401200DEAEA009641A5 /* PodViewController.swift */ = {isa = PBXFileReference; lastKnownFileType = sourcecode.swift; path = PodViewController.swift; sourceTree = "<group>"; };
		9BB04405200DEF04009641A5 /* Service.swift */ = {isa = PBXFileReference; lastKnownFileType = sourcecode.swift; path = Service.swift; sourceTree = "<group>"; };
		9BB04408200F1C51009641A5 /* swift-demos-Bridging-Header.h */ = {isa = PBXFileReference; lastKnownFileType = sourcecode.c.h; path = "swift-demos-Bridging-Header.h"; sourceTree = "<group>"; };
		9BB0440C200F3AE4009641A5 /* SnapKitController.swift */ = {isa = PBXFileReference; lastKnownFileType = sourcecode.swift; path = SnapKitController.swift; sourceTree = "<group>"; };
		9BC3F93A2063B1510096BFB6 /* PassValueController.swift */ = {isa = PBXFileReference; lastKnownFileType = sourcecode.swift; path = PassValueController.swift; sourceTree = "<group>"; };
		9BC3F93C2063B4370096BFB6 /* DelegateViewController.swift */ = {isa = PBXFileReference; lastKnownFileType = sourcecode.swift; path = DelegateViewController.swift; sourceTree = "<group>"; };
		9BC3F9402063C6E30096BFB6 /* CommonManager.swift */ = {isa = PBXFileReference; lastKnownFileType = sourcecode.swift; path = CommonManager.swift; sourceTree = "<group>"; };
		9BDDFA43208269FD004E1C7F /* helloworld */ = {isa = PBXFileReference; explicitFileType = "compiled.mach-o.executable"; includeInIndex = 0; path = helloworld; sourceTree = BUILT_PRODUCTS_DIR; };
		9BDDFA45208269FD004E1C7F /* main.c */ = {isa = PBXFileReference; lastKnownFileType = sourcecode.c.c; path = main.c; sourceTree = "<group>"; };
		9BDDFA4E20826A45004E1C7F /* nice */ = {isa = PBXFileReference; explicitFileType = "compiled.mach-o.executable"; includeInIndex = 0; path = nice; sourceTree = BUILT_PRODUCTS_DIR; };
		9BE3D48E2071C3F3007AB9CD /* SwiftBlockOcController.swift */ = {isa = PBXFileReference; lastKnownFileType = sourcecode.swift; path = SwiftBlockOcController.swift; sourceTree = "<group>"; };
		9BE3D4922071C442007AB9CD /* OcBlockController.h */ = {isa = PBXFileReference; lastKnownFileType = sourcecode.c.h; path = OcBlockController.h; sourceTree = "<group>"; };
		9BE3D4932071C442007AB9CD /* OcBlockController.m */ = {isa = PBXFileReference; lastKnownFileType = sourcecode.c.objc; path = OcBlockController.m; sourceTree = "<group>"; };
		9BE3D4952071FB99007AB9CD /* Person.h */ = {isa = PBXFileReference; lastKnownFileType = sourcecode.c.h; path = Person.h; sourceTree = "<group>"; };
		9BE3D4962071FB99007AB9CD /* Person.m */ = {isa = PBXFileReference; lastKnownFileType = sourcecode.c.objc; path = Person.m; sourceTree = "<group>"; };
		9BE3D499207218E2007AB9CD /* PropertyController.h */ = {isa = PBXFileReference; lastKnownFileType = sourcecode.c.h; path = PropertyController.h; sourceTree = "<group>"; };
		9BE3D49A207218E2007AB9CD /* PropertyController.m */ = {isa = PBXFileReference; lastKnownFileType = sourcecode.c.objc; path = PropertyController.m; sourceTree = "<group>"; };
		9BE3D49C20722CF7007AB9CD /* User.h */ = {isa = PBXFileReference; lastKnownFileType = sourcecode.c.h; path = User.h; sourceTree = "<group>"; };
		9BE3D49D20722CF7007AB9CD /* User.m */ = {isa = PBXFileReference; lastKnownFileType = sourcecode.c.objc; path = User.m; sourceTree = "<group>"; };
		9BE3D4A020730D56007AB9CD /* ResponseController.swift */ = {isa = PBXFileReference; lastKnownFileType = sourcecode.swift; path = ResponseController.swift; sourceTree = "<group>"; };
		9BE3D4A320738495007AB9CD /* KVCKVOController.swift */ = {isa = PBXFileReference; lastKnownFileType = sourcecode.swift; path = KVCKVOController.swift; sourceTree = "<group>"; };
		9BE3D4A62074564C007AB9CD /* CornerController.swift */ = {isa = PBXFileReference; lastKnownFileType = sourcecode.swift; path = CornerController.swift; sourceTree = "<group>"; };
		9BE3D4A820746616007AB9CD /* ImageExtension.swift */ = {isa = PBXFileReference; lastKnownFileType = sourcecode.swift; path = ImageExtension.swift; sourceTree = "<group>"; };
		9BE3D4B0207911E3007AB9CD /* CategoryExtentsionController.swift */ = {isa = PBXFileReference; lastKnownFileType = sourcecode.swift; path = CategoryExtentsionController.swift; sourceTree = "<group>"; };
		9BE3D500207A0D92007AB9CD /* ThreadController.swift */ = {isa = PBXFileReference; lastKnownFileType = sourcecode.swift; path = ThreadController.swift; sourceTree = "<group>"; };
		CBC8CCD33000AD91000B2767 /* Pods_swift_demos.framework */ = {isa = PBXFileReference; explicitFileType = wrapper.framework; includeInIndex = 0; path = Pods_swift_demos.framework; sourceTree = BUILT_PRODUCTS_DIR; };
		F2411E5C0D2AFF1686B2B799 /* Pods-swift-demos.release.xcconfig */ = {isa = PBXFileReference; includeInIndex = 1; lastKnownFileType = text.xcconfig; name = "Pods-swift-demos.release.xcconfig"; path = "Pods/Target Support Files/Pods-swift-demos/Pods-swift-demos.release.xcconfig"; sourceTree = "<group>"; };
/* End PBXFileReference section */

/* Begin PBXFrameworksBuildPhase section */
		9B169A5F200499130017E7ED /* Frameworks */ = {
			isa = PBXFrameworksBuildPhase;
			buildActionMask = 2147483647;
			files = (
				5B23FD7A4297F17CCD8C4526 /* Pods_swift_demos.framework in Frameworks */,
			);
			runOnlyForDeploymentPostprocessing = 0;
		};
		9B169A73200499130017E7ED /* Frameworks */ = {
			isa = PBXFrameworksBuildPhase;
			buildActionMask = 2147483647;
			files = (
			);
			runOnlyForDeploymentPostprocessing = 0;
		};
		9B169A7E200499130017E7ED /* Frameworks */ = {
			isa = PBXFrameworksBuildPhase;
			buildActionMask = 2147483647;
			files = (
			);
			runOnlyForDeploymentPostprocessing = 0;
		};
		9BDDFA40208269FD004E1C7F /* Frameworks */ = {
			isa = PBXFrameworksBuildPhase;
			buildActionMask = 2147483647;
			files = (
			);
			runOnlyForDeploymentPostprocessing = 0;
		};
		9BDDFA4B20826A45004E1C7F /* Frameworks */ = {
			isa = PBXFrameworksBuildPhase;
			buildActionMask = 2147483647;
			files = (
			);
			runOnlyForDeploymentPostprocessing = 0;
		};
/* End PBXFrameworksBuildPhase section */

/* Begin PBXGroup section */
		05C9C6923CC707621FB5157A /* Pods */ = {
			isa = PBXGroup;
			children = (
				71FF12E89B2D3CC9687294CB /* Pods-swift-demos.debug.xcconfig */,
				F2411E5C0D2AFF1686B2B799 /* Pods-swift-demos.release.xcconfig */,
			);
			name = Pods;
			sourceTree = "<group>";
		};
		18F9439A36BDF1AE3EE9A5A6 /* Frameworks */ = {
			isa = PBXGroup;
			children = (
				CBC8CCD33000AD91000B2767 /* Pods_swift_demos.framework */,
			);
			name = Frameworks;
			sourceTree = "<group>";
		};
		9B169A59200499130017E7ED = {
			isa = PBXGroup;
			children = (
				9B169A64200499130017E7ED /* swift-demos */,
				9B169A79200499130017E7ED /* swift-demosTests */,
				9B169A84200499130017E7ED /* swift-demosUITests */,
				9BDDFA44208269FD004E1C7F /* helloworld */,
				9B169A63200499130017E7ED /* Products */,
				05C9C6923CC707621FB5157A /* Pods */,
				18F9439A36BDF1AE3EE9A5A6 /* Frameworks */,
			);
			sourceTree = "<group>";
		};
		9B169A63200499130017E7ED /* Products */ = {
			isa = PBXGroup;
			children = (
				9B169A62200499130017E7ED /* swift-demos.app */,
				9B169A76200499130017E7ED /* swift-demosTests.xctest */,
				9B169A81200499130017E7ED /* swift-demosUITests.xctest */,
				9BDDFA43208269FD004E1C7F /* helloworld */,
				9BDDFA4E20826A45004E1C7F /* nice */,
			);
			name = Products;
			sourceTree = "<group>";
		};
		9B169A64200499130017E7ED /* swift-demos */ = {
			isa = PBXGroup;
			children = (
				9B169A65200499130017E7ED /* AppDelegate.swift */,
				9B169A932006051F0017E7ED /* SuperViewController.swift */,
				9B169A67200499130017E7ED /* ViewController.swift */,
				9B7215B1206CF3AC00480E06 /* BaseController */,
				9B7215B0206CF39300480E06 /* WidgetController */,
				9B47D28C206799BC006EBF0E /* AnimationController */,
				9B7215B2206CF49100480E06 /* ThirdPodController */,
				9BC3F9372063B0B30096BFB6 /* PassValue */,
				9B7215B3206E097300480E06 /* TimerController */,
				9BE3D48D2071C3D0007AB9CD /* Swift-block-OC */,
				9BE3D498207218C3007AB9CD /* PropertyController */,
				9BE3D49F20730D3C007AB9CD /* ResponseController */,
				9BE3D4A220738484007AB9CD /* KVCKVOController */,
				9BE3D4A52074563B007AB9CD /* CornerController */,
				9BE3D4AF207911C5007AB9CD /* CategoryExtention */,
				9BE3D4FC207A0D66007AB9CD /* ThreadController */,
				9B95F8CA207C946A00D3B0B2 /* TCPIPController */,
				9B52E23C208EBA6900399880 /* GetViewM */,
				9B95F8D0207DB28F00D3B0B2 /* img */,
				9B169A69200499130017E7ED /* Main.storyboard */,
				9B169A6C200499130017E7ED /* Assets.xcassets */,
				9B169A6E200499130017E7ED /* LaunchScreen.storyboard */,
				9B169A71200499130017E7ED /* Info.plist */,
				9B169A9C2007426E0017E7ED /* Extension.swift */,
				9BB04405200DEF04009641A5 /* Service.swift */,
				9BB04408200F1C51009641A5 /* swift-demos-Bridging-Header.h */,
				9BC3F9402063C6E30096BFB6 /* CommonManager.swift */,
			);
			path = "swift-demos";
			sourceTree = "<group>";
		};
		9B169A79200499130017E7ED /* swift-demosTests */ = {
			isa = PBXGroup;
			children = (
				9B169A7A200499130017E7ED /* swift_demosTests.swift */,
				9B169A7C200499130017E7ED /* Info.plist */,
			);
			path = "swift-demosTests";
			sourceTree = "<group>";
		};
		9B169A84200499130017E7ED /* swift-demosUITests */ = {
			isa = PBXGroup;
			children = (
				9B169A85200499130017E7ED /* swift_demosUITests.swift */,
				9B169A87200499130017E7ED /* Info.plist */,
			);
			path = "swift-demosUITests";
			sourceTree = "<group>";
		};
		9B47D28C206799BC006EBF0E /* AnimationController */ = {
			isa = PBXGroup;
			children = (
				9B47D28D206799E0006EBF0E /* AnimationController.swift */,
			);
			path = AnimationController;
			sourceTree = SOURCE_ROOT;
		};
		9B52E23C208EBA6900399880 /* GetViewM */ = {
			isa = PBXGroup;
			children = (
				9B52E23F208EBAEB00399880 /* GetViewMController.swift */,
			);
			path = GetViewM;
			sourceTree = SOURCE_ROOT;
		};
		9B7215B0206CF39300480E06 /* WidgetController */ = {
			isa = PBXGroup;
			children = (
				9B169A972006663D0017E7ED /* AdvanceViewController.swift */,
				9B169A9E200750800017E7ED /* SearchBarController.swift */,
				9B169AA0200759930017E7ED /* CollectionController.swift */,
				9B08E1DD2008C07700513565 /* PhotoController.swift */,
				9B169AA220075F950017E7ED /* CustomCollectionCell.swift */,
			);
			path = WidgetController;
			sourceTree = SOURCE_ROOT;
		};
		9B7215B1206CF3AC00480E06 /* BaseController */ = {
			isa = PBXGroup;
			children = (
				9B169A95200605810017E7ED /* BaseViewController.swift */,
			);
			path = BaseController;
			sourceTree = SOURCE_ROOT;
		};
		9B7215B2206CF49100480E06 /* ThirdPodController */ = {
			isa = PBXGroup;
			children = (
				9BB04401200DEAEA009641A5 /* PodViewController.swift */,
				9BB0440C200F3AE4009641A5 /* SnapKitController.swift */,
			);
			path = ThirdPodController;
			sourceTree = SOURCE_ROOT;
		};
		9B7215B3206E097300480E06 /* TimerController */ = {
			isa = PBXGroup;
			children = (
				9B7215B4206E098600480E06 /* TimerViewController.swift */,
			);
			path = TimerController;
			sourceTree = SOURCE_ROOT;
		};
		9B95F8CA207C946A00D3B0B2 /* TCPIPController */ = {
			isa = PBXGroup;
			children = (
				9B95F8CB207C947C00D3B0B2 /* TCPIPController.swift */,
			);
			path = TCPIPController;
			sourceTree = SOURCE_ROOT;
		};
		9B95F8D0207DB28F00D3B0B2 /* img */ = {
			isa = PBXGroup;
			children = (
				9B95F8D7207DE26800D3B0B2 /* runloop-in.png */,
				9B95F8D3207DBC2400D3B0B2 /* runloop-main.png */,
				9B95F8D1207DB28F00D3B0B2 /* runloop.png */,
				9B95F8D5207DBCEC00D3B0B2 /* runloop-des.png */,
			);
			path = img;
			sourceTree = SOURCE_ROOT;
		};
		9BC3F9372063B0B30096BFB6 /* PassValue */ = {
			isa = PBXGroup;
			children = (
				9BC3F93A2063B1510096BFB6 /* PassValueController.swift */,
				9BC3F93C2063B4370096BFB6 /* DelegateViewController.swift */,
			);
			path = PassValue;
			sourceTree = SOURCE_ROOT;
		};
		9BDDFA44208269FD004E1C7F /* helloworld */ = {
			isa = PBXGroup;
			children = (
				9BDDFA45208269FD004E1C7F /* main.c */,
			);
			path = helloworld;
			sourceTree = "<group>";
		};
		9BE3D48D2071C3D0007AB9CD /* Swift-block-OC */ = {
			isa = PBXGroup;
			children = (
				9BE3D48E2071C3F3007AB9CD /* SwiftBlockOcController.swift */,
				9BE3D4922071C442007AB9CD /* OcBlockController.h */,
				9BE3D4932071C442007AB9CD /* OcBlockController.m */,
				9BE3D4952071FB99007AB9CD /* Person.h */,
				9BE3D4962071FB99007AB9CD /* Person.m */,
			);
			path = "Swift-block-OC";
			sourceTree = SOURCE_ROOT;
		};
		9BE3D498207218C3007AB9CD /* PropertyController */ = {
			isa = PBXGroup;
			children = (
				9BE3D499207218E2007AB9CD /* PropertyController.h */,
				9BE3D49A207218E2007AB9CD /* PropertyController.m */,
				9BE3D49C20722CF7007AB9CD /* User.h */,
				9BE3D49D20722CF7007AB9CD /* User.m */,
			);
			path = PropertyController;
			sourceTree = SOURCE_ROOT;
		};
		9BE3D49F20730D3C007AB9CD /* ResponseController */ = {
			isa = PBXGroup;
			children = (
				9BE3D4A020730D56007AB9CD /* ResponseController.swift */,
			);
			path = ResponseController;
			sourceTree = SOURCE_ROOT;
		};
		9BE3D4A220738484007AB9CD /* KVCKVOController */ = {
			isa = PBXGroup;
			children = (
				9BE3D4A320738495007AB9CD /* KVCKVOController.swift */,
			);
			path = KVCKVOController;
			sourceTree = SOURCE_ROOT;
		};
		9BE3D4A52074563B007AB9CD /* CornerController */ = {
			isa = PBXGroup;
			children = (
				9BE3D4A62074564C007AB9CD /* CornerController.swift */,
				9BE3D4A820746616007AB9CD /* ImageExtension.swift */,
			);
			path = CornerController;
			sourceTree = SOURCE_ROOT;
		};
		9BE3D4AF207911C5007AB9CD /* CategoryExtention */ = {
			isa = PBXGroup;
			children = (
				9BE3D4B0207911E3007AB9CD /* CategoryExtentsionController.swift */,
			);
			path = CategoryExtention;
			sourceTree = SOURCE_ROOT;
		};
		9BE3D4FC207A0D66007AB9CD /* ThreadController */ = {
			isa = PBXGroup;
			children = (
				9BE3D500207A0D92007AB9CD /* ThreadController.swift */,
			);
			path = ThreadController;
			sourceTree = SOURCE_ROOT;
		};
/* End PBXGroup section */

/* Begin PBXNativeTarget section */
		9B169A61200499130017E7ED /* swift-demos */ = {
			isa = PBXNativeTarget;
			buildConfigurationList = 9B169A8A200499130017E7ED /* Build configuration list for PBXNativeTarget "swift-demos" */;
			buildPhases = (
				82E132E8804690657A2B2E8C /* [CP] Check Pods Manifest.lock */,
				9B169A5E200499130017E7ED /* Sources */,
				9B169A5F200499130017E7ED /* Frameworks */,
				9B169A60200499130017E7ED /* Resources */,
				BE9487E153DAFD1820CBCA6E /* [CP] Embed Pods Frameworks */,
			);
			buildRules = (
			);
			dependencies = (
			);
			name = "swift-demos";
			productName = "swift-demos";
			productReference = 9B169A62200499130017E7ED /* swift-demos.app */;
			productType = "com.apple.product-type.application";
		};
		9B169A75200499130017E7ED /* swift-demosTests */ = {
			isa = PBXNativeTarget;
			buildConfigurationList = 9B169A8D200499130017E7ED /* Build configuration list for PBXNativeTarget "swift-demosTests" */;
			buildPhases = (
				9B169A72200499130017E7ED /* Sources */,
				9B169A73200499130017E7ED /* Frameworks */,
				9B169A74200499130017E7ED /* Resources */,
			);
			buildRules = (
			);
			dependencies = (
				9B169A78200499130017E7ED /* PBXTargetDependency */,
			);
			name = "swift-demosTests";
			productName = "swift-demosTests";
			productReference = 9B169A76200499130017E7ED /* swift-demosTests.xctest */;
			productType = "com.apple.product-type.bundle.unit-test";
		};
		9B169A80200499130017E7ED /* swift-demosUITests */ = {
			isa = PBXNativeTarget;
			buildConfigurationList = 9B169A90200499130017E7ED /* Build configuration list for PBXNativeTarget "swift-demosUITests" */;
			buildPhases = (
				9B169A7D200499130017E7ED /* Sources */,
				9B169A7E200499130017E7ED /* Frameworks */,
				9B169A7F200499130017E7ED /* Resources */,
			);
			buildRules = (
			);
			dependencies = (
				9B169A83200499130017E7ED /* PBXTargetDependency */,
			);
			name = "swift-demosUITests";
			productName = "swift-demosUITests";
			productReference = 9B169A81200499130017E7ED /* swift-demosUITests.xctest */;
			productType = "com.apple.product-type.bundle.ui-testing";
		};
		9BDDFA42208269FD004E1C7F /* helloworld */ = {
			isa = PBXNativeTarget;
			buildConfigurationList = 9BDDFA47208269FD004E1C7F /* Build configuration list for PBXNativeTarget "helloworld" */;
			buildPhases = (
				9BDDFA3F208269FD004E1C7F /* Sources */,
				9BDDFA40208269FD004E1C7F /* Frameworks */,
				9BDDFA41208269FD004E1C7F /* CopyFiles */,
			);
			buildRules = (
			);
			dependencies = (
			);
			name = helloworld;
			productName = helloworld;
			productReference = 9BDDFA43208269FD004E1C7F /* helloworld */;
			productType = "com.apple.product-type.tool";
		};
		9BDDFA4D20826A45004E1C7F /* nice */ = {
			isa = PBXNativeTarget;
			buildConfigurationList = 9BDDFA5220826A45004E1C7F /* Build configuration list for PBXNativeTarget "nice" */;
			buildPhases = (
				9BDDFA4A20826A45004E1C7F /* Sources */,
				9BDDFA4B20826A45004E1C7F /* Frameworks */,
				9BDDFA4C20826A45004E1C7F /* CopyFiles */,
			);
			buildRules = (
			);
			dependencies = (
			);
			name = nice;
			productName = nice;
			productReference = 9BDDFA4E20826A45004E1C7F /* nice */;
			productType = "com.apple.product-type.tool";
		};
/* End PBXNativeTarget section */

/* Begin PBXProject section */
		9B169A5A200499130017E7ED /* Project object */ = {
			isa = PBXProject;
			attributes = {
				LastSwiftUpdateCheck = 0900;
				LastUpgradeCheck = 0900;
				ORGANIZATIONNAME = youran;
				TargetAttributes = {
					9B169A61200499130017E7ED = {
						CreatedOnToolsVersion = 9.0;
						LastSwiftMigration = 0900;
						ProvisioningStyle = Automatic;
					};
					9B169A75200499130017E7ED = {
						CreatedOnToolsVersion = 9.0;
						ProvisioningStyle = Automatic;
						TestTargetID = 9B169A61200499130017E7ED;
					};
					9B169A80200499130017E7ED = {
						CreatedOnToolsVersion = 9.0;
						ProvisioningStyle = Automatic;
						TestTargetID = 9B169A61200499130017E7ED;
					};
					9BDDFA42208269FD004E1C7F = {
						CreatedOnToolsVersion = 9.2;
						ProvisioningStyle = Automatic;
					};
					9BDDFA4D20826A45004E1C7F = {
						CreatedOnToolsVersion = 9.2;
						ProvisioningStyle = Automatic;
					};
				};
			};
			buildConfigurationList = 9B169A5D200499130017E7ED /* Build configuration list for PBXProject "swift-demos" */;
			compatibilityVersion = "Xcode 8.0";
			developmentRegion = en;
			hasScannedForEncodings = 0;
			knownRegions = (
				en,
				Base,
			);
			mainGroup = 9B169A59200499130017E7ED;
			productRefGroup = 9B169A63200499130017E7ED /* Products */;
			projectDirPath = "";
			projectRoot = "";
			targets = (
				9B169A61200499130017E7ED /* swift-demos */,
				9B169A75200499130017E7ED /* swift-demosTests */,
				9B169A80200499130017E7ED /* swift-demosUITests */,
				9BDDFA42208269FD004E1C7F /* helloworld */,
				9BDDFA4D20826A45004E1C7F /* nice */,
			);
		};
/* End PBXProject section */

/* Begin PBXResourcesBuildPhase section */
		9B169A60200499130017E7ED /* Resources */ = {
			isa = PBXResourcesBuildPhase;
			buildActionMask = 2147483647;
			files = (
				9B169A70200499130017E7ED /* LaunchScreen.storyboard in Resources */,
				9B95F8D8207DE26800D3B0B2 /* runloop-in.png in Resources */,
				9B95F8D4207DBC2400D3B0B2 /* runloop-main.png in Resources */,
				9B95F8D2207DB28F00D3B0B2 /* runloop.png in Resources */,
				9B169A6D200499130017E7ED /* Assets.xcassets in Resources */,
				9B95F8D6207DBCEC00D3B0B2 /* runloop-des.png in Resources */,
				9B169A6B200499130017E7ED /* Main.storyboard in Resources */,
			);
			runOnlyForDeploymentPostprocessing = 0;
		};
		9B169A74200499130017E7ED /* Resources */ = {
			isa = PBXResourcesBuildPhase;
			buildActionMask = 2147483647;
			files = (
			);
			runOnlyForDeploymentPostprocessing = 0;
		};
		9B169A7F200499130017E7ED /* Resources */ = {
			isa = PBXResourcesBuildPhase;
			buildActionMask = 2147483647;
			files = (
			);
			runOnlyForDeploymentPostprocessing = 0;
		};
/* End PBXResourcesBuildPhase section */

/* Begin PBXShellScriptBuildPhase section */
		82E132E8804690657A2B2E8C /* [CP] Check Pods Manifest.lock */ = {
			isa = PBXShellScriptBuildPhase;
			buildActionMask = 2147483647;
			files = (
			);
			inputPaths = (
				"${PODS_PODFILE_DIR_PATH}/Podfile.lock",
				"${PODS_ROOT}/Manifest.lock",
			);
			name = "[CP] Check Pods Manifest.lock";
			outputPaths = (
				"$(DERIVED_FILE_DIR)/Pods-swift-demos-checkManifestLockResult.txt",
			);
			runOnlyForDeploymentPostprocessing = 0;
			shellPath = /bin/sh;
			shellScript = "diff \"${PODS_PODFILE_DIR_PATH}/Podfile.lock\" \"${PODS_ROOT}/Manifest.lock\" > /dev/null\nif [ $? != 0 ] ; then\n    # print error to STDERR\n    echo \"error: The sandbox is not in sync with the Podfile.lock. Run 'pod install' or update your CocoaPods installation.\" >&2\n    exit 1\nfi\n# This output is used by Xcode 'outputs' to avoid re-running this script phase.\necho \"SUCCESS\" > \"${SCRIPT_OUTPUT_FILE_0}\"\n";
			showEnvVarsInLog = 0;
		};
		BE9487E153DAFD1820CBCA6E /* [CP] Embed Pods Frameworks */ = {
			isa = PBXShellScriptBuildPhase;
			buildActionMask = 2147483647;
			files = (
			);
			inputPaths = (
				"${PODS_ROOT}/Target Support Files/Pods-swift-demos/Pods-swift-demos-frameworks.sh",
				"${BUILT_PRODUCTS_DIR}/Alamofire/Alamofire.framework",
				"${BUILT_PRODUCTS_DIR}/Kingfisher/Kingfisher.framework",
				"${BUILT_PRODUCTS_DIR}/MBProgressHUD/MBProgressHUD.framework",
				"${BUILT_PRODUCTS_DIR}/RxSwift/RxSwift.framework",
				"${BUILT_PRODUCTS_DIR}/SnapKit/SnapKit.framework",
				"${BUILT_PRODUCTS_DIR}/SwiftyJSON/SwiftyJSON.framework",
			);
			name = "[CP] Embed Pods Frameworks";
			outputPaths = (
				"${TARGET_BUILD_DIR}/${FRAMEWORKS_FOLDER_PATH}/Alamofire.framework",
				"${TARGET_BUILD_DIR}/${FRAMEWORKS_FOLDER_PATH}/Kingfisher.framework",
				"${TARGET_BUILD_DIR}/${FRAMEWORKS_FOLDER_PATH}/MBProgressHUD.framework",
				"${TARGET_BUILD_DIR}/${FRAMEWORKS_FOLDER_PATH}/RxSwift.framework",
				"${TARGET_BUILD_DIR}/${FRAMEWORKS_FOLDER_PATH}/SnapKit.framework",
				"${TARGET_BUILD_DIR}/${FRAMEWORKS_FOLDER_PATH}/SwiftyJSON.framework",
			);
			runOnlyForDeploymentPostprocessing = 0;
			shellPath = /bin/sh;
			shellScript = "\"${PODS_ROOT}/Target Support Files/Pods-swift-demos/Pods-swift-demos-frameworks.sh\"\n";
			showEnvVarsInLog = 0;
		};
/* End PBXShellScriptBuildPhase section */

/* Begin PBXSourcesBuildPhase section */
		9B169A5E200499130017E7ED /* Sources */ = {
			isa = PBXSourcesBuildPhase;
			buildActionMask = 2147483647;
			files = (
				9BB0440D200F3AE4009641A5 /* SnapKitController.swift in Sources */,
				9BB04402200DEAEA009641A5 /* PodViewController.swift in Sources */,
				9BC3F9412063C6E30096BFB6 /* CommonManager.swift in Sources */,
				9B47D28E206799E1006EBF0E /* AnimationController.swift in Sources */,
				9B08E1DE2008C07700513565 /* PhotoController.swift in Sources */,
				9B52E240208EBAEB00399880 /* GetViewMController.swift in Sources */,
				9B169A68200499130017E7ED /* ViewController.swift in Sources */,
				9B169A96200605810017E7ED /* BaseViewController.swift in Sources */,
				9BC3F93D2063B4370096BFB6 /* DelegateViewController.swift in Sources */,
				9B95F8CC207C947C00D3B0B2 /* TCPIPController.swift in Sources */,
				9BE3D501207A0D92007AB9CD /* ThreadController.swift in Sources */,
				9B169A942006051F0017E7ED /* SuperViewController.swift in Sources */,
				9BE3D4972071FB99007AB9CD /* Person.m in Sources */,
				9BE3D48F2071C3F3007AB9CD /* SwiftBlockOcController.swift in Sources */,
				9BB04406200DEF04009641A5 /* Service.swift in Sources */,
				9BE3D4A420738495007AB9CD /* KVCKVOController.swift in Sources */,
				9BE3D49E20722CF7007AB9CD /* User.m in Sources */,
				9BE3D4942071C442007AB9CD /* OcBlockController.m in Sources */,
				9BE3D4A120730D56007AB9CD /* ResponseController.swift in Sources */,
				9BE3D4A920746616007AB9CD /* ImageExtension.swift in Sources */,
				9B7215B5206E098600480E06 /* TimerViewController.swift in Sources */,
				9B169A9D2007426E0017E7ED /* Extension.swift in Sources */,
				9B169A9F200750800017E7ED /* SearchBarController.swift in Sources */,
				9BE3D4B1207911E3007AB9CD /* CategoryExtentsionController.swift in Sources */,
				9BE3D49B207218E2007AB9CD /* PropertyController.m in Sources */,
				9B169AA1200759930017E7ED /* CollectionController.swift in Sources */,
				9B169A982006663D0017E7ED /* AdvanceViewController.swift in Sources */,
				9BE3D4A72074564C007AB9CD /* CornerController.swift in Sources */,
				9B169A66200499130017E7ED /* AppDelegate.swift in Sources */,
				9BC3F93B2063B1510096BFB6 /* PassValueController.swift in Sources */,
				9B169AA320075F950017E7ED /* CustomCollectionCell.swift in Sources */,
			);
			runOnlyForDeploymentPostprocessing = 0;
		};
		9B169A72200499130017E7ED /* Sources */ = {
			isa = PBXSourcesBuildPhase;
			buildActionMask = 2147483647;
			files = (
				9B169A7B200499130017E7ED /* swift_demosTests.swift in Sources */,
			);
			runOnlyForDeploymentPostprocessing = 0;
		};
		9B169A7D200499130017E7ED /* Sources */ = {
			isa = PBXSourcesBuildPhase;
			buildActionMask = 2147483647;
			files = (
				9B169A86200499130017E7ED /* swift_demosUITests.swift in Sources */,
			);
			runOnlyForDeploymentPostprocessing = 0;
		};
		9BDDFA3F208269FD004E1C7F /* Sources */ = {
			isa = PBXSourcesBuildPhase;
			buildActionMask = 2147483647;
			files = (
				9BDDFA46208269FD004E1C7F /* main.c in Sources */,
			);
			runOnlyForDeploymentPostprocessing = 0;
		};
		9BDDFA4A20826A45004E1C7F /* Sources */ = {
			isa = PBXSourcesBuildPhase;
			buildActionMask = 2147483647;
			files = (
			);
			runOnlyForDeploymentPostprocessing = 0;
		};
/* End PBXSourcesBuildPhase section */

/* Begin PBXTargetDependency section */
		9B169A78200499130017E7ED /* PBXTargetDependency */ = {
			isa = PBXTargetDependency;
			target = 9B169A61200499130017E7ED /* swift-demos */;
			targetProxy = 9B169A77200499130017E7ED /* PBXContainerItemProxy */;
		};
		9B169A83200499130017E7ED /* PBXTargetDependency */ = {
			isa = PBXTargetDependency;
			target = 9B169A61200499130017E7ED /* swift-demos */;
			targetProxy = 9B169A82200499130017E7ED /* PBXContainerItemProxy */;
		};
/* End PBXTargetDependency section */

/* Begin PBXVariantGroup section */
		9B169A69200499130017E7ED /* Main.storyboard */ = {
			isa = PBXVariantGroup;
			children = (
				9B169A6A200499130017E7ED /* Base */,
			);
			name = Main.storyboard;
			sourceTree = "<group>";
		};
		9B169A6E200499130017E7ED /* LaunchScreen.storyboard */ = {
			isa = PBXVariantGroup;
			children = (
				9B169A6F200499130017E7ED /* Base */,
			);
			name = LaunchScreen.storyboard;
			sourceTree = "<group>";
		};
/* End PBXVariantGroup section */

/* Begin XCBuildConfiguration section */
		9B169A88200499130017E7ED /* Debug */ = {
			isa = XCBuildConfiguration;
			buildSettings = {
				ALWAYS_SEARCH_USER_PATHS = NO;
				CLANG_ANALYZER_NONNULL = YES;
				CLANG_ANALYZER_NUMBER_OBJECT_CONVERSION = YES_AGGRESSIVE;
				CLANG_CXX_LANGUAGE_STANDARD = "gnu++14";
				CLANG_CXX_LIBRARY = "libc++";
				CLANG_ENABLE_MODULES = YES;
				CLANG_ENABLE_OBJC_ARC = YES;
				CLANG_WARN_BLOCK_CAPTURE_AUTORELEASING = YES;
				CLANG_WARN_BOOL_CONVERSION = YES;
				CLANG_WARN_COMMA = YES;
				CLANG_WARN_CONSTANT_CONVERSION = YES;
				CLANG_WARN_DIRECT_OBJC_ISA_USAGE = YES_ERROR;
				CLANG_WARN_DOCUMENTATION_COMMENTS = YES;
				CLANG_WARN_EMPTY_BODY = YES;
				CLANG_WARN_ENUM_CONVERSION = YES;
				CLANG_WARN_INFINITE_RECURSION = YES;
				CLANG_WARN_INT_CONVERSION = YES;
				CLANG_WARN_NON_LITERAL_NULL_CONVERSION = YES;
				CLANG_WARN_OBJC_LITERAL_CONVERSION = YES;
				CLANG_WARN_OBJC_ROOT_CLASS = YES_ERROR;
				CLANG_WARN_RANGE_LOOP_ANALYSIS = YES;
				CLANG_WARN_STRICT_PROTOTYPES = YES;
				CLANG_WARN_SUSPICIOUS_MOVE = YES;
				CLANG_WARN_UNGUARDED_AVAILABILITY = YES_AGGRESSIVE;
				CLANG_WARN_UNREACHABLE_CODE = YES;
				CLANG_WARN__DUPLICATE_METHOD_MATCH = YES;
				CODE_SIGN_IDENTITY = "iPhone Developer";
				COPY_PHASE_STRIP = NO;
				DEBUG_INFORMATION_FORMAT = dwarf;
				ENABLE_STRICT_OBJC_MSGSEND = YES;
				ENABLE_TESTABILITY = YES;
				GCC_C_LANGUAGE_STANDARD = gnu11;
				GCC_DYNAMIC_NO_PIC = NO;
				GCC_NO_COMMON_BLOCKS = YES;
				GCC_OPTIMIZATION_LEVEL = 0;
				GCC_PREPROCESSOR_DEFINITIONS = (
					"DEBUG=1",
					"$(inherited)",
				);
				GCC_WARN_64_TO_32_BIT_CONVERSION = YES;
				GCC_WARN_ABOUT_RETURN_TYPE = YES_ERROR;
				GCC_WARN_UNDECLARED_SELECTOR = YES;
				GCC_WARN_UNINITIALIZED_AUTOS = YES_AGGRESSIVE;
				GCC_WARN_UNUSED_FUNCTION = YES;
				GCC_WARN_UNUSED_VARIABLE = YES;
				IPHONEOS_DEPLOYMENT_TARGET = 11.0;
				MTL_ENABLE_DEBUG_INFO = YES;
				ONLY_ACTIVE_ARCH = YES;
				SDKROOT = iphoneos;
				SWIFT_ACTIVE_COMPILATION_CONDITIONS = DEBUG;
				SWIFT_OPTIMIZATION_LEVEL = "-Onone";
			};
			name = Debug;
		};
		9B169A89200499130017E7ED /* Release */ = {
			isa = XCBuildConfiguration;
			buildSettings = {
				ALWAYS_SEARCH_USER_PATHS = NO;
				CLANG_ANALYZER_NONNULL = YES;
				CLANG_ANALYZER_NUMBER_OBJECT_CONVERSION = YES_AGGRESSIVE;
				CLANG_CXX_LANGUAGE_STANDARD = "gnu++14";
				CLANG_CXX_LIBRARY = "libc++";
				CLANG_ENABLE_MODULES = YES;
				CLANG_ENABLE_OBJC_ARC = YES;
				CLANG_WARN_BLOCK_CAPTURE_AUTORELEASING = YES;
				CLANG_WARN_BOOL_CONVERSION = YES;
				CLANG_WARN_COMMA = YES;
				CLANG_WARN_CONSTANT_CONVERSION = YES;
				CLANG_WARN_DIRECT_OBJC_ISA_USAGE = YES_ERROR;
				CLANG_WARN_DOCUMENTATION_COMMENTS = YES;
				CLANG_WARN_EMPTY_BODY = YES;
				CLANG_WARN_ENUM_CONVERSION = YES;
				CLANG_WARN_INFINITE_RECURSION = YES;
				CLANG_WARN_INT_CONVERSION = YES;
				CLANG_WARN_NON_LITERAL_NULL_CONVERSION = YES;
				CLANG_WARN_OBJC_LITERAL_CONVERSION = YES;
				CLANG_WARN_OBJC_ROOT_CLASS = YES_ERROR;
				CLANG_WARN_RANGE_LOOP_ANALYSIS = YES;
				CLANG_WARN_STRICT_PROTOTYPES = YES;
				CLANG_WARN_SUSPICIOUS_MOVE = YES;
				CLANG_WARN_UNGUARDED_AVAILABILITY = YES_AGGRESSIVE;
				CLANG_WARN_UNREACHABLE_CODE = YES;
				CLANG_WARN__DUPLICATE_METHOD_MATCH = YES;
				CODE_SIGN_IDENTITY = "iPhone Developer";
				COPY_PHASE_STRIP = NO;
				DEBUG_INFORMATION_FORMAT = "dwarf-with-dsym";
				ENABLE_NS_ASSERTIONS = NO;
				ENABLE_STRICT_OBJC_MSGSEND = YES;
				GCC_C_LANGUAGE_STANDARD = gnu11;
				GCC_NO_COMMON_BLOCKS = YES;
				GCC_WARN_64_TO_32_BIT_CONVERSION = YES;
				GCC_WARN_ABOUT_RETURN_TYPE = YES_ERROR;
				GCC_WARN_UNDECLARED_SELECTOR = YES;
				GCC_WARN_UNINITIALIZED_AUTOS = YES_AGGRESSIVE;
				GCC_WARN_UNUSED_FUNCTION = YES;
				GCC_WARN_UNUSED_VARIABLE = YES;
				IPHONEOS_DEPLOYMENT_TARGET = 11.0;
				MTL_ENABLE_DEBUG_INFO = NO;
				SDKROOT = iphoneos;
				SWIFT_OPTIMIZATION_LEVEL = "-Owholemodule";
				VALIDATE_PRODUCT = YES;
			};
			name = Release;
		};
		9B169A8B200499130017E7ED /* Debug */ = {
			isa = XCBuildConfiguration;
			baseConfigurationReference = 71FF12E89B2D3CC9687294CB /* Pods-swift-demos.debug.xcconfig */;
			buildSettings = {
				ASSETCATALOG_COMPILER_APPICON_NAME = AppIcon;
				CLANG_ENABLE_MODULES = YES;
				CODE_SIGN_STYLE = Automatic;
				DEVELOPMENT_TEAM = 6ZVLFRQ5L9;
				INFOPLIST_FILE = "swift-demos/Info.plist";
				LD_RUNPATH_SEARCH_PATHS = "$(inherited) @executable_path/Frameworks";
				PRODUCT_BUNDLE_IDENTIFIER = "com.deltalpha.swift-demosa";
				PRODUCT_NAME = "$(TARGET_NAME)";
				SWIFT_OBJC_BRIDGING_HEADER = "swift-demos/swift-demos-Bridging-Header.h";
				SWIFT_OPTIMIZATION_LEVEL = "-Onone";
				SWIFT_VERSION = 4.0;
				TARGETED_DEVICE_FAMILY = "1,2";
				USER_HEADER_SEARCH_PATHS = "${SRCROOT}/**";
			};
			name = Debug;
		};
		9B169A8C200499130017E7ED /* Release */ = {
			isa = XCBuildConfiguration;
			baseConfigurationReference = F2411E5C0D2AFF1686B2B799 /* Pods-swift-demos.release.xcconfig */;
			buildSettings = {
				ASSETCATALOG_COMPILER_APPICON_NAME = AppIcon;
				CLANG_ENABLE_MODULES = YES;
				CODE_SIGN_STYLE = Automatic;
				DEVELOPMENT_TEAM = 6ZVLFRQ5L9;
				INFOPLIST_FILE = "swift-demos/Info.plist";
				LD_RUNPATH_SEARCH_PATHS = "$(inherited) @executable_path/Frameworks";
				PRODUCT_BUNDLE_IDENTIFIER = "com.deltalpha.swift-demosa";
				PRODUCT_NAME = "$(TARGET_NAME)";
				SWIFT_OBJC_BRIDGING_HEADER = "swift-demos/swift-demos-Bridging-Header.h";
				SWIFT_VERSION = 4.0;
				TARGETED_DEVICE_FAMILY = "1,2";
				USER_HEADER_SEARCH_PATHS = "${SRCROOT}/**";
			};
			name = Release;
		};
		9B169A8E200499130017E7ED /* Debug */ = {
			isa = XCBuildConfiguration;
			buildSettings = {
				ALWAYS_EMBED_SWIFT_STANDARD_LIBRARIES = YES;
				BUNDLE_LOADER = "$(TEST_HOST)";
				CODE_SIGN_STYLE = Automatic;
				DEVELOPMENT_TEAM = 6ZVLFRQ5L9;
				INFOPLIST_FILE = "swift-demosTests/Info.plist";
				LD_RUNPATH_SEARCH_PATHS = "$(inherited) @executable_path/Frameworks @loader_path/Frameworks";
				PRODUCT_BUNDLE_IDENTIFIER = "com.deltalpha.swift-demosTests";
				PRODUCT_NAME = "$(TARGET_NAME)";
				SWIFT_VERSION = 4.0;
				TARGETED_DEVICE_FAMILY = "1,2";
				TEST_HOST = "$(BUILT_PRODUCTS_DIR)/swift-demos.app/swift-demos";
			};
			name = Debug;
		};
		9B169A8F200499130017E7ED /* Release */ = {
			isa = XCBuildConfiguration;
			buildSettings = {
				ALWAYS_EMBED_SWIFT_STANDARD_LIBRARIES = YES;
				BUNDLE_LOADER = "$(TEST_HOST)";
				CODE_SIGN_STYLE = Automatic;
				DEVELOPMENT_TEAM = 6ZVLFRQ5L9;
				INFOPLIST_FILE = "swift-demosTests/Info.plist";
				LD_RUNPATH_SEARCH_PATHS = "$(inherited) @executable_path/Frameworks @loader_path/Frameworks";
				PRODUCT_BUNDLE_IDENTIFIER = "com.deltalpha.swift-demosTests";
				PRODUCT_NAME = "$(TARGET_NAME)";
				SWIFT_VERSION = 4.0;
				TARGETED_DEVICE_FAMILY = "1,2";
				TEST_HOST = "$(BUILT_PRODUCTS_DIR)/swift-demos.app/swift-demos";
			};
			name = Release;
		};
		9B169A91200499130017E7ED /* Debug */ = {
			isa = XCBuildConfiguration;
			buildSettings = {
				ALWAYS_EMBED_SWIFT_STANDARD_LIBRARIES = YES;
				CODE_SIGN_STYLE = Automatic;
				DEVELOPMENT_TEAM = 6ZVLFRQ5L9;
				INFOPLIST_FILE = "swift-demosUITests/Info.plist";
				LD_RUNPATH_SEARCH_PATHS = "$(inherited) @executable_path/Frameworks @loader_path/Frameworks";
				PRODUCT_BUNDLE_IDENTIFIER = "com.deltalpha.swift-demosUITests";
				PRODUCT_NAME = "$(TARGET_NAME)";
				SWIFT_VERSION = 4.0;
				TARGETED_DEVICE_FAMILY = "1,2";
				TEST_TARGET_NAME = "swift-demos";
			};
			name = Debug;
		};
		9B169A92200499130017E7ED /* Release */ = {
			isa = XCBuildConfiguration;
			buildSettings = {
				ALWAYS_EMBED_SWIFT_STANDARD_LIBRARIES = YES;
				CODE_SIGN_STYLE = Automatic;
				DEVELOPMENT_TEAM = 6ZVLFRQ5L9;
				INFOPLIST_FILE = "swift-demosUITests/Info.plist";
				LD_RUNPATH_SEARCH_PATHS = "$(inherited) @executable_path/Frameworks @loader_path/Frameworks";
				PRODUCT_BUNDLE_IDENTIFIER = "com.deltalpha.swift-demosUITests";
				PRODUCT_NAME = "$(TARGET_NAME)";
				SWIFT_VERSION = 4.0;
				TARGETED_DEVICE_FAMILY = "1,2";
				TEST_TARGET_NAME = "swift-demos";
			};
			name = Release;
		};
		9BDDFA48208269FD004E1C7F /* Debug */ = {
			isa = XCBuildConfiguration;
			buildSettings = {
				CODE_SIGN_IDENTITY = "Mac Developer";
				CODE_SIGN_STYLE = Automatic;
				DEVELOPMENT_TEAM = 6ZVLFRQ5L9;
				MACOSX_DEPLOYMENT_TARGET = 10.12;
				PRODUCT_NAME = "$(TARGET_NAME)";
				SDKROOT = macosx;
			};
			name = Debug;
		};
		9BDDFA49208269FD004E1C7F /* Release */ = {
			isa = XCBuildConfiguration;
			buildSettings = {
				CODE_SIGN_IDENTITY = "Mac Developer";
				CODE_SIGN_STYLE = Automatic;
				DEVELOPMENT_TEAM = 6ZVLFRQ5L9;
				MACOSX_DEPLOYMENT_TARGET = 10.12;
				PRODUCT_NAME = "$(TARGET_NAME)";
				SDKROOT = macosx;
			};
			name = Release;
		};
		9BDDFA5320826A45004E1C7F /* Debug */ = {
			isa = XCBuildConfiguration;
			buildSettings = {
				CODE_SIGN_IDENTITY = "Mac Developer";
				CODE_SIGN_STYLE = Automatic;
				DEVELOPMENT_TEAM = 6ZVLFRQ5L9;
				MACOSX_DEPLOYMENT_TARGET = 10.12;
				PRODUCT_NAME = "$(TARGET_NAME)";
				SDKROOT = macosx;
			};
			name = Debug;
		};
		9BDDFA5420826A45004E1C7F /* Release */ = {
			isa = XCBuildConfiguration;
			buildSettings = {
				CODE_SIGN_IDENTITY = "Mac Developer";
				CODE_SIGN_STYLE = Automatic;
				DEVELOPMENT_TEAM = 6ZVLFRQ5L9;
				MACOSX_DEPLOYMENT_TARGET = 10.12;
				PRODUCT_NAME = "$(TARGET_NAME)";
				SDKROOT = macosx;
			};
			name = Release;
		};
/* End XCBuildConfiguration section */

/* Begin XCConfigurationList section */
		9B169A5D200499130017E7ED /* Build configuration list for PBXProject "swift-demos" */ = {
			isa = XCConfigurationList;
			buildConfigurations = (
				9B169A88200499130017E7ED /* Debug */,
				9B169A89200499130017E7ED /* Release */,
			);
			defaultConfigurationIsVisible = 0;
			defaultConfigurationName = Release;
		};
		9B169A8A200499130017E7ED /* Build configuration list for PBXNativeTarget "swift-demos" */ = {
			isa = XCConfigurationList;
			buildConfigurations = (
				9B169A8B200499130017E7ED /* Debug */,
				9B169A8C200499130017E7ED /* Release */,
			);
			defaultConfigurationIsVisible = 0;
			defaultConfigurationName = Release;
		};
		9B169A8D200499130017E7ED /* Build configuration list for PBXNativeTarget "swift-demosTests" */ = {
			isa = XCConfigurationList;
			buildConfigurations = (
				9B169A8E200499130017E7ED /* Debug */,
				9B169A8F200499130017E7ED /* Release */,
			);
			defaultConfigurationIsVisible = 0;
			defaultConfigurationName = Release;
		};
		9B169A90200499130017E7ED /* Build configuration list for PBXNativeTarget "swift-demosUITests" */ = {
			isa = XCConfigurationList;
			buildConfigurations = (
				9B169A91200499130017E7ED /* Debug */,
				9B169A92200499130017E7ED /* Release */,
			);
			defaultConfigurationIsVisible = 0;
			defaultConfigurationName = Release;
		};
		9BDDFA47208269FD004E1C7F /* Build configuration list for PBXNativeTarget "helloworld" */ = {
			isa = XCConfigurationList;
			buildConfigurations = (
				9BDDFA48208269FD004E1C7F /* Debug */,
				9BDDFA49208269FD004E1C7F /* Release */,
			);
			defaultConfigurationIsVisible = 0;
			defaultConfigurationName = Release;
		};
		9BDDFA5220826A45004E1C7F /* Build configuration list for PBXNativeTarget "nice" */ = {
			isa = XCConfigurationList;
			buildConfigurations = (
				9BDDFA5320826A45004E1C7F /* Debug */,
				9BDDFA5420826A45004E1C7F /* Release */,
			);
			defaultConfigurationIsVisible = 0;
			defaultConfigurationName = Release;
		};
/* End XCConfigurationList section */
	};
	rootObject = 9B169A5A200499130017E7ED /* Project object */;
}
